
Microsoft Visual Studio Solution File, Format Version 12.00
# Visual Studio Express 2013 for Windows Desktop
VisualStudioVersion = 12.0.31101.0
MinimumVisualStudioVersion = 10.0.40219.1
Project("{8BC9CEB8-8B4A-11D0-8D11-00A0C91BC942}") = "UnitTest1", "UnitTest1.vcxproj", "{5AF06594-A1A4-4731-BDFA-7141940D1215}"
EndProject
Project("{8BC9CEB8-8B4A-11D0-8D11-00A0C91BC942}") = "Project1", "..\Point2D_Log\Project1.vcxproj", "{9A85AA0A-E177-47F9-A365-C0D6EDA95F74}"
EndProject
Global
	GlobalSection(SolutionConfigurationPlatforms) = preSolution
		Debug|Win32 = Debug|Win32
		Release|Win32 = Release|Win32
	EndGlobalSection
	GlobalSection(ProjectConfigurationPlatforms) = postSolution
		{5AF06594-A1A4-4731-BDFA-7141940D1215}.Debug|Win32.ActiveCfg = Debug|Win32
		{5AF06594-A1A4-4731-BDFA-7141940D1215}.Debug|Win32.Build.0 = Debug|Win32
		{5AF06594-A1A4-4731-BDFA-7141940D1215}.Release|Win32.ActiveCfg = Release|Win32
		{5AF06594-A1A4-4731-BDFA-7141940D1215}.Release|Win32.Build.0 = Release|Win32
		{9A85AA0A-E177-47F9-A365-C0D6EDA95F74}.Debug|Win32.ActiveCfg = Debug|Win32
		{9A85AA0A-E177-47F9-A365-C0D6EDA95F74}.Debug|Win32.Build.0 = Debug|Win32
		{9A85AA0A-E177-47F9-A365-C0D6EDA95F74}.Release|Win32.ActiveCfg = Release|Win32
		{9A85AA0A-E177-47F9-A365-C0D6EDA95F74}.Release|Win32.Build.0 = Release|Win32
	EndGlobalSection
	GlobalSection(SolutionProperties) = preSolution
		HideSolutionNode = FALSE
	EndGlobalSection
EndGlobal
